
Microsoft Visual Studio Solution File, Format Version 12.00
# Visual Studio Version 17
VisualStudioVersion = 17.10.34928.147
MinimumVisualStudioVersion = 10.0.40219.1
Project("{FAE04EC0-301F-11D3-BF4B-00C04F79EFBC}") = "WageFlow.Frontend", "WageFlow.Frontend\WageFlow.Frontend.csproj", "{CE2BDEFB-6715-443E-88DB-7F766B808F26}"
EndProject
Global
	GlobalSection(SolutionConfigurationPlatforms) = preSolution
		Debug|Any CPU = Debug|Any CPU
		Release|Any CPU = Release|Any CPU
	EndGlobalSection
	GlobalSection(ProjectConfigurationPlatforms) = postSolution
		{CE2BDEFB-6715-443E-88DB-7F766B808F26}.Debug|Any CPU.ActiveCfg = Debug|Any CPU
		{CE2BDEFB-6715-443E-88DB-7F766B808F26}.Debug|Any CPU.Build.0 = Debug|Any CPU
		{CE2BDEFB-6715-443E-88DB-7F766B808F26}.Release|Any CPU.ActiveCfg = Release|Any CPU
		{CE2BDEFB-6715-443E-88DB-7F766B808F26}.Release|Any CPU.Build.0 = Release|Any CPU
	EndGlobalSection
	GlobalSection(SolutionProperties) = preSolution
		HideSolutionNode = FALSE
	EndGlobalSection
	GlobalSection(ExtensibilityGlobals) = postSolution
		SolutionGuid = {BEDCAB69-28BF-444B-B467-BFA27289C82C}
	EndGlobalSection
EndGlobal
